
Microsoft Visual Studio Solution File, Format Version 12.00
# Visual Studio Version 17
VisualStudioVersion = 17.13.35919.96 d17.13
MinimumVisualStudioVersion = 10.0.40219.1
Project("{FAE04EC0-301F-11D3-BF4B-00C04F79EFBC}") = "ToDoList", "ToDoList\ToDoList.csproj", "{755E8514-6E12-41A6-A892-D95457AB235B}"
EndProject
Global
	GlobalSection(SolutionConfigurationPlatforms) = preSolution
		Debug|Any CPU = Debug|Any CPU
		Release|Any CPU = Release|Any CPU
	EndGlobalSection
	GlobalSection(ProjectConfigurationPlatforms) = postSolution
		{755E8514-6E12-41A6-A892-D95457AB235B}.Debug|Any CPU.ActiveCfg = Debug|Any CPU
		{755E8514-6E12-41A6-A892-D95457AB235B}.Debug|Any CPU.Build.0 = Debug|Any CPU
		{755E8514-6E12-41A6-A892-D95457AB235B}.Release|Any CPU.ActiveCfg = Release|Any CPU
		{755E8514-6E12-41A6-A892-D95457AB235B}.Release|Any CPU.Build.0 = Release|Any CPU
	EndGlobalSection
	GlobalSection(SolutionProperties) = preSolution
		HideSolutionNode = FALSE
	EndGlobalSection
	GlobalSection(ExtensibilityGlobals) = postSolution
		SolutionGuid = {E3F5490B-22F1-4399-8197-3CB8DAA8B168}
	EndGlobalSection
EndGlobal
